
Microsoft Visual Studio Solution File, Format Version 12.00
# Visual Studio Version 17
VisualStudioVersion = 17.4.33403.182
MinimumVisualStudioVersion = 10.0.40219.1
Project("{9A19103F-16F7-4668-BE54-9A1E7A4F7556}") = "VendingMachineProg", "ConsoleApp1\VendingMachineProg.csproj", "{8D7E6B61-4EB9-4035-8468-06A8F29068DD}"
EndProject
Global
	GlobalSection(SolutionConfigurationPlatforms) = preSolution
		Debug|Any CPU = Debug|Any CPU
		Release|Any CPU = Release|Any CPU
	EndGlobalSection
	GlobalSection(ProjectConfigurationPlatforms) = postSolution
		{8D7E6B61-4EB9-4035-8468-06A8F29068DD}.Debug|Any CPU.ActiveCfg = Debug|Any CPU
		{8D7E6B61-4EB9-4035-8468-06A8F29068DD}.Debug|Any CPU.Build.0 = Debug|Any CPU
		{8D7E6B61-4EB9-4035-8468-06A8F29068DD}.Release|Any CPU.ActiveCfg = Release|Any CPU
		{8D7E6B61-4EB9-4035-8468-06A8F29068DD}.Release|Any CPU.Build.0 = Release|Any CPU
	EndGlobalSection
	GlobalSection(SolutionProperties) = preSolution
		HideSolutionNode = FALSE
	EndGlobalSection
	GlobalSection(ExtensibilityGlobals) = postSolution
		SolutionGuid = {46DFBB1E-E597-44DA-BF17-2641F3C62B8F}
	EndGlobalSection
EndGlobal
